# @generated - this file is auto-generated by `mise lock` https://mise.jdx.dev/dev-tools/mise-lock.html

[[tools.actionlint]]
version = "1.7.12"
backend = "aqua:rhysd/actionlint"

[tools.actionlint."platforms.linux-x64"]
checksum = "sha256:8aca8db96f1b94770f1b0d72b6dddcb1ebb8123cb3712530b08cc387b349a3d8"
url = "https://github.com/rhysd/actionlint/releases/download/v1.7.12/actionlint_1.7.12_linux_amd64.tar.gz"
url_api = "https://api.github.com/repos/rhysd/actionlint/releases/assets/384924896"
provenance = "github-attestations"

[tools.actionlint."platforms.macos-arm64"]
checksum = "sha256:aba9ced2dee8d27fecca3dc7feb1a7f9a52caefa1eb46f3271ea66b6e0e6953f"
url = "https://github.com/rhysd/actionlint/releases/download/v1.7.12/actionlint_1.7.12_darwin_arm64.tar.gz"
url_api = "https://api.github.com/repos/rhysd/actionlint/releases/assets/384924893"
provenance = "github-attestations"

[[tools.age]]
version = "1.3.1"
backend = "aqua:FiloSottile/age"

[tools.age."platforms.linux-x64"]
checksum = "sha256:bdc69c09cbdd6cf8b1f333d372a1f58247b3a33146406333e30c0f26e8f51377"
url = "https://github.com/FiloSottile/age/releases/download/v1.3.1/age-v1.3.1-linux-amd64.tar.gz"
url_api = "https://api.github.com/repos/FiloSottile/age/releases/assets/333752671"
provenance = "github-attestations"

[tools.age."platforms.macos-arm64"]
checksum = "sha256:01120ea2cbf0463d4c6bd767f99f3271bbed1cdc8a9aa718a76ba1fe4f01998b"
url = "https://github.com/FiloSottile/age/releases/download/v1.3.1/age-v1.3.1-darwin-arm64.tar.gz"
url_api = "https://api.github.com/repos/FiloSottile/age/releases/assets/333752669"
provenance = "github-attestations"

[[tools.crane]]
version = "0.21.9"
backend = "aqua:google/go-containerregistry"

[tools.crane."platforms.linux-x64"]
checksum = "sha256:5c16d8ddb971cb1d5e6ed8b1e743da8224414eeba2c2762d8f1a61b2f095699e"
url = "https://github.com/google/go-containerregistry/releases/download/v0.21.9/go-containerregistry_Linux_x86_64.tar.gz"
url_api = "https://api.github.com/repos/google/go-containerregistry/releases/assets/503108053"

[tools.crane."platforms.macos-arm64"]
checksum = "sha256:11cc3640e53473eb0d8c501068573e52a259f4d82177e6dd11b7bacb8955459e"
url = "https://github.com/google/go-containerregistry/releases/download/v0.21.9/go-containerregistry_Darwin_arm64.tar.gz"
url_api = "https://api.github.com/repos/google/go-containerregistry/releases/assets/503108022"

[[tools.flux2]]
version = "2.9.4"
backend = "aqua:fluxcd/flux2"

[tools.flux2."platforms.linux-x64"]
checksum = "sha256:c2c397a52930f52d2005c01d276116b059d062de379386d58e98115380a766a2"
url = "https://github.com/fluxcd/flux2/releases/download/v2.9.4/flux_2.9.4_linux_amd64.tar.gz"
url_api = "https://api.github.com/repos/fluxcd/flux2/releases/assets/505259827"

[tools.flux2."platforms.linux-x64".provenance.slsa]
url = "https://github.com/fluxcd/flux2/releases/download/v2.9.4/provenance.intoto.jsonl"

[tools.flux2."platforms.macos-arm64"]
checksum = "sha256:5350675411f1c8c20fb7fd827450933e939f7ab82a2cd92f8fa2abe497761911"
url = "https://github.com/fluxcd/flux2/releases/download/v2.9.4/flux_2.9.4_darwin_arm64.tar.gz"
url_api = "https://api.github.com/repos/fluxcd/flux2/releases/assets/505259822"

[tools.flux2."platforms.macos-arm64".provenance.slsa]
url = "https://github.com/fluxcd/flux2/releases/download/v2.9.4/provenance.intoto.jsonl"

[[tools."github:budimanjojo/talhelper"]]
version = "3.1.16"
backend = "github:budimanjojo/talhelper"

[tools."github:budimanjojo/talhelper"."platforms.linux-x64"]
checksum = "sha256:07d564dbace1841afd8c619210bf213f6bcf08ba81105583d2781d873633343f"
url = "https://github.com/budimanjojo/talhelper/releases/download/v3.1.16/talhelper_linux_amd64.tar.gz"
url_api = "https://api.github.com/repos/budimanjojo/talhelper/releases/assets/503622646"

[tools."github:budimanjojo/talhelper"."platforms.macos-arm64"]
checksum = "sha256:740ee9143aed9964811ce027276f2e382c1add4baa7f38bcf142099c919aed37"
url = "https://github.com/budimanjojo/talhelper/releases/download/v3.1.16/talhelper_darwin_arm64.tar.gz"
url_api = "https://api.github.com/repos/budimanjojo/talhelper/releases/assets/503622662"

[[tools."github:home-operations/flate"]]
version = "0.5.0"
backend = "github:home-operations/flate"

[tools."github:home-operations/flate"."platforms.linux-x64"]
checksum = "sha256:1dd5b7e8d2cf968386df7921abc74384f04d1b5b2b95dbee9bd54632bd6c311c"
url = "https://github.com/home-operations/flate/releases/download/v0.5.0/flate_0.5.0_linux_amd64.tar.gz"
url_api = "https://api.github.com/repos/home-operations/flate/releases/assets/506470627"

[tools."github:home-operations/flate"."platforms.macos-arm64"]
checksum = "sha256:49c33d99ee6894e8217d50e4ff7769d12a95339871a0ef54c00ff927c7e85bd1"
url = "https://github.com/home-operations/flate/releases/download/v0.5.0/flate_0.5.0_darwin_arm64.tar.gz"
url_api = "https://api.github.com/repos/home-operations/flate/releases/assets/506470629"

[[tools."github:home-operations/yayamlls"]]
version = "0.2.0"
backend = "github:home-operations/yayamlls"

[tools."github:home-operations/yayamlls"."platforms.linux-x64"]
checksum = "sha256:3982bc4c0cd5afb6cf0036f3c60faad629e409ec69bd7464601198804048edd6"
url = "https://github.com/home-operations/yayamlls/releases/download/0.2.0/yayamlls_0.2.0_linux_amd64.tar.gz"
url_api = "https://api.github.com/repos/home-operations/yayamlls/releases/assets/501268522"

[tools."github:home-operations/yayamlls"."platforms.macos-arm64"]
checksum = "sha256:dd0897687b69fffb6a21594eca96018b4fff66f0be7abcfa6e4e90f724cbd7f0"
url = "https://github.com/home-operations/yayamlls/releases/download/0.2.0/yayamlls_0.2.0_darwin_arm64.tar.gz"
url_api = "https://api.github.com/repos/home-operations/yayamlls/releases/assets/501268520"

[[tools.helm]]
version = "4.2.4"
backend = "aqua:helm/helm"

[tools.helm."platforms.linux-x64"]
checksum = "sha256:c306b46f719b0a4da32d0f78ee21bf90ce8d602f15b22ab753f0674d1670a7f3"
url = "https://get.helm.sh/helm-v4.2.4-linux-amd64.tar.gz"

[tools.helm."platforms.macos-arm64"]
checksum = "sha256:d747eb4e28bd2727173d15b759fa0a17822291ec09db7ced3d55af290a3661a2"
url = "https://get.helm.sh/helm-v4.2.4-darwin-arm64.tar.gz"

[[tools.jq]]
version = "1.8.2"
backend = "aqua:jqlang/jq"

[tools.jq."platforms.linux-x64"]
checksum = "sha256:b1c22172dd303f3be49e935aa56aa48a8b7a46e0bc838b4997d3bb451495870f"
url = "https://github.com/jqlang/jq/releases/download/jq-1.8.2/jq-linux-amd64"
url_api = "https://api.github.com/repos/jqlang/jq/releases/assets/453012752"
provenance = "github-attestations"

[tools.jq."platforms.macos-arm64"]
checksum = "sha256:2d75340ba57a4b4b4c8708a21c2dc8e958a48aaa8bba13b27f77f6e4c0eca07e"
url = "https://github.com/jqlang/jq/releases/download/jq-1.8.2/jq-macos-arm64"
url_api = "https://api.github.com/repos/jqlang/jq/releases/assets/453012783"
provenance = "github-attestations"

[[tools.krew]]
version = "0.5.0"
backend = "aqua:kubernetes-sigs/krew"

[tools.krew."platforms.linux-x64"]
checksum = "sha256:5d5a221fffdf331d1c5c68d9917530ecd102e0def5b5a6d62eeed1c404efb28a"
url = "https://github.com/kubernetes-sigs/krew/releases/download/v0.5.0/krew-linux_amd64.tar.gz"
url_api = "https://api.github.com/repos/kubernetes-sigs/krew/releases/assets/362537140"

[tools.krew."platforms.macos-arm64"]
checksum = "sha256:cd6e58b4e954e301abd19001d772846997216d696bcaa58f0bcf04708339ece3"
url = "https://github.com/kubernetes-sigs/krew/releases/download/v0.5.0/krew-darwin_arm64.tar.gz"
url_api = "https://api.github.com/repos/kubernetes-sigs/krew/releases/assets/362537139"

[[tools.kubectl]]
version = "1.36.3"
backend = "aqua:kubernetes/kubernetes/kubectl"

[tools.kubectl."platforms.linux-x64"]
checksum = "sha256:ebbd080e7c2e275093b55915722043257eb24004363e20acb3c4d71919f88336"
url = "https://dl.k8s.io/v1.36.3/bin/linux/amd64/kubectl"

[tools.kubectl."platforms.macos-arm64"]
checksum = "sha256:fc8582acde13869a606730a79379d6515f30c68afcced0b5ac8789d5d002b7d6"
url = "https://dl.k8s.io/v1.36.3/bin/darwin/arm64/kubectl"

[[tools.kyverno]]
version = "1.18.2"
backend = "aqua:kyverno/kyverno"

[tools.kyverno."platforms.linux-x64"]
checksum = "sha256:cb2feb8356149fd2fe774c894ccf0969f4a60a83867dd913af724f74ffbbc18b"
url = "https://github.com/kyverno/kyverno/releases/download/v1.18.2/kyverno-cli_v1.18.2_linux_x86_64.tar.gz"
url_api = "https://api.github.com/repos/kyverno/kyverno/releases/assets/472019504"
provenance = "cosign"

[tools.kyverno."platforms.macos-arm64"]
checksum = "sha256:cc69bc6638da1993146c134943fac91cbc9dd0ce60a3e88c6d7c518ae00f1abc"
url = "https://github.com/kyverno/kyverno/releases/download/v1.18.2/kyverno-cli_v1.18.2_darwin_arm64.tar.gz"
url_api = "https://api.github.com/repos/kyverno/kyverno/releases/assets/472019528"
provenance = "cosign"

[[tools."npm:renovate"]]
version = "44.32.6"
backend = "npm:renovate"

[tools."npm:renovate".options]
trust_policy_excludes = '["@yarnpkg/libzip@3.2.2"]'

[[tools.python]]
version = "3.14.7"
backend = "core:python"

[tools.python."platforms.linux-x64"]
checksum = "sha256:cefba034445d2875408d1fd4d5700ae6731563aeb54dcb39fd8164ab5c457533"
url = "https://github.com/astral-sh/python-build-standalone/releases/download/20260814/cpython-3.14.7+20260814-x86_64-unknown-linux-gnu-install_only_stripped.tar.gz"
provenance = "github-attestations"

[tools.python."platforms.macos-arm64"]
checksum = "sha256:423717c485b9ee7822590b9d973c1b5fb2cda0fe43448ab82a3d44f823bd329c"
url = "https://github.com/astral-sh/python-build-standalone/releases/download/20260814/cpython-3.14.7+20260814-aarch64-apple-darwin-install_only_stripped.tar.gz"
provenance = "github-attestations"

[[tools.shellcheck]]
version = "0.11.0"
backend = "aqua:koalaman/shellcheck"

[tools.shellcheck."platforms.linux-x64"]
checksum = "sha256:8c3be12b05d5c177a04c29e3c78ce89ac86f1595681cab149b65b97c4e227198"
url = "https://github.com/koalaman/shellcheck/releases/download/v0.11.0/shellcheck-v0.11.0.linux.x86_64.tar.xz"
url_api = "https://api.github.com/repos/koalaman/shellcheck/releases/assets/279056942"

[tools.shellcheck."platforms.macos-arm64"]
checksum = "sha256:56affdd8de5527894dca6dc3d7e0a99a873b0f004d7aabc30ae407d3f48b0a79"
url = "https://github.com/koalaman/shellcheck/releases/download/v0.11.0/shellcheck-v0.11.0.darwin.aarch64.tar.xz"
url_api = "https://api.github.com/repos/koalaman/shellcheck/releases/assets/279056932"

[[tools.sops]]
version = "3.13.3"
backend = "aqua:getsops/sops"

[tools.sops."platforms.linux-x64"]
checksum = "sha256:e5bec3346a873ae91d871550f3e698c1aad962aff462a080e40f25fde17fef6b"
url = "https://github.com/getsops/sops/releases/download/v3.13.3/sops-v3.13.3.linux.amd64"
url_api = "https://api.github.com/repos/getsops/sops/releases/assets/486808201"

[tools.sops."platforms.linux-x64".provenance.slsa]
url = "https://github.com/getsops/sops/releases/download/v3.13.3/sops-v3.13.3.intoto.jsonl"

[tools.sops."platforms.macos-arm64"]
checksum = "sha256:b97c0d434aab577dc40310e8d22ff9e45eef4c80638ab978daae9b4681c59286"
url = "https://github.com/getsops/sops/releases/download/v3.13.3/sops-v3.13.3.darwin.arm64"
url_api = "https://api.github.com/repos/getsops/sops/releases/assets/486808198"

[tools.sops."platforms.macos-arm64".provenance.slsa]
url = "https://github.com/getsops/sops/releases/download/v3.13.3/sops-v3.13.3.intoto.jsonl"

[[tools.talosctl]]
version = "1.13.9"
backend = "aqua:siderolabs/talos"

[tools.talosctl."platforms.linux-x64"]
provenance = "cosign"

[tools.talosctl."platforms.macos-arm64"]
provenance = "cosign"

[[tools.task]]
version = "3.52.0"
backend = "aqua:go-task/task"

[tools.task."platforms.linux-x64"]
checksum = "sha256:02c679ffae53dca791804847d78b31731615894e292948397c971c87ac9e95bd"
url = "https://github.com/go-task/task/releases/download/v3.52.0/task_linux_amd64.tar.gz"
url_api = "https://api.github.com/repos/go-task/task/releases/assets/464613330"

[tools.task."platforms.macos-arm64"]
checksum = "sha256:debfa9a3bc06fcb5d5550b44725ecd22bb305499ce057bd6d7a774db5cdaa7b8"
url = "https://github.com/go-task/task/releases/download/v3.52.0/task_darwin_arm64.tar.gz"
url_api = "https://api.github.com/repos/go-task/task/releases/assets/464613319"

[[tools.yq]]
version = "4.53.3"
backend = "aqua:mikefarah/yq"

[tools.yq."platforms.linux-x64"]
checksum = "sha256:fa52a4e758c63d38299163fbdd1edfb4c4963247918bf9c1c5d31d84789eded4"
url = "https://github.com/mikefarah/yq/releases/download/v4.53.3/yq_linux_amd64"
url_api = "https://api.github.com/repos/mikefarah/yq/releases/assets/440146735"
provenance = "cosign"

[tools.yq."platforms.macos-arm64"]
checksum = "sha256:877de31753a4dd2401aa048937aa9a7fc4d5f6ce858cf31508c5802954297213"
url = "https://github.com/mikefarah/yq/releases/download/v4.53.3/yq_darwin_arm64"
url_api = "https://api.github.com/repos/mikefarah/yq/releases/assets/440146762"
provenance = "cosign"

[[tools.zizmor]]
version = "1.29.0"
backend = "aqua:zizmorcore/zizmor"

[tools.zizmor."platforms.linux-x64"]
checksum = "sha256:dd96df044a6e8538d5f423790f453bdd03d49e5b2bcc38214acc41a2f1297839"
url = "https://github.com/zizmorcore/zizmor/releases/download/v1.29.0/zizmor-x86_64-unknown-linux-gnu.tar.gz"
url_api = "https://api.github.com/repos/zizmorcore/zizmor/releases/assets/498263145"
provenance = "github-attestations"

[tools.zizmor."platforms.macos-arm64"]
checksum = "sha256:720322fade9e83a9c7953944c438f2ba942636b86b96a8f0e6b15ce94c8a6b6f"
url = "https://github.com/zizmorcore/zizmor/releases/download/v1.29.0/zizmor-aarch64-apple-darwin.tar.gz"
url_api = "https://api.github.com/repos/zizmorcore/zizmor/releases/assets/498263141"
provenance = "github-attestations"
